{
  "name": "@taowind/rcl-reality-forge",
  "version": "0.94.0-alpha.1",
  "lockfileVersion": 3,
  "requires": true,
  "packages": {
    "": {
      "name": "@taowind/rcl-reality-forge",
      "version": "0.94.0-alpha.1",
      "license": "Apache-2.0",
      "bin": {
        "rcl": "src/cli.mjs",
        "rcl-forge": "src/forge-cli.mjs",
        "rcl-mcp": "src/rcl-mcp-server.mjs"
      },
      "engines": {
        "node": ">=20"
      }
    }
  }
}
